{
  "requires": true,
  "lockfileVersion": 1,
  "dependencies": {
    "really-simple-router": {
      "version": "1.0.1",
      "resolved": "https://registry.npmjs.org/really-simple-router/-/really-simple-router-1.0.1.tgz",
      "integrity": "sha512-x1E2hKppRVuH8QmwNUWFnMnMxdlTG6sNcrTazvj2kacDqgf+V/EN8vwRwhFGJ2y2ZSTWn3Zb2dQ7780k5XBNwg=="
    }
  }
}
